
Microsoft Visual Studio Solution File, Format Version 12.00
# Visual Studio Version 16
VisualStudioVersion = 16.0.31702.278
MinimumVisualStudioVersion = 10.0.40219.1
Project("{9A19103F-16F7-4668-BE54-9A1E7A4F7556}") = "Entity", "Entity\Entity.csproj", "{03D3F043-E3E7-47F2-8FBE-A2D33AB99D4C}"
EndProject
Project("{9A19103F-16F7-4668-BE54-9A1E7A4F7556}") = "DataAccess", "DataAccess\DataAccess.csproj", "{D139988E-3CE7-477E-9E08-115C5924F098}"
EndProject
Project("{9A19103F-16F7-4668-BE54-9A1E7A4F7556}") = "Business", "Business\Business.csproj", "{1170BF08-B324-467A-BB73-35040B16BAF7}"
EndProject
Project("{9A19103F-16F7-4668-BE54-9A1E7A4F7556}") = "Core", "Core\Core.csproj", "{C8E6717F-491C-47E3-AFBF-810DB253B558}"
EndProject
Project("{9A19103F-16F7-4668-BE54-9A1E7A4F7556}") = "UI", "UI\UI.csproj", "{809789D4-BC17-4F9E-A2A9-D0F1DAD67B86}"
EndProject
Project("{FAE04EC0-301F-11D3-BF4B-00C04F79EFBC}") = "BlogApi", "BlogApi\BlogApi.csproj", "{789F0C5A-B28D-4638-BC7F-346597459B60}"
EndProject
Global
	GlobalSection(SolutionConfigurationPlatforms) = preSolution
		Debug|Any CPU = Debug|Any CPU
		Release|Any CPU = Release|Any CPU
	EndGlobalSection
	GlobalSection(ProjectConfigurationPlatforms) = postSolution
		{03D3F043-E3E7-47F2-8FBE-A2D33AB99D4C}.Debug|Any CPU.ActiveCfg = Debug|Any CPU
		{03D3F043-E3E7-47F2-8FBE-A2D33AB99D4C}.Debug|Any CPU.Build.0 = Debug|Any CPU
		{03D3F043-E3E7-47F2-8FBE-A2D33AB99D4C}.Release|Any CPU.ActiveCfg = Release|Any CPU
		{03D3F043-E3E7-47F2-8FBE-A2D33AB99D4C}.Release|Any CPU.Build.0 = Release|Any CPU
		{D139988E-3CE7-477E-9E08-115C5924F098}.Debug|Any CPU.ActiveCfg = Debug|Any CPU
		{D139988E-3CE7-477E-9E08-115C5924F098}.Debug|Any CPU.Build.0 = Debug|Any CPU
		{D139988E-3CE7-477E-9E08-115C5924F098}.Release|Any CPU.ActiveCfg = Release|Any CPU
		{D139988E-3CE7-477E-9E08-115C5924F098}.Release|Any CPU.Build.0 = Release|Any CPU
		{1170BF08-B324-467A-BB73-35040B16BAF7}.Debug|Any CPU.ActiveCfg = Debug|Any CPU
		{1170BF08-B324-467A-BB73-35040B16BAF7}.Debug|Any CPU.Build.0 = Debug|Any CPU
		{1170BF08-B324-467A-BB73-35040B16BAF7}.Release|Any CPU.ActiveCfg = Release|Any CPU
		{1170BF08-B324-467A-BB73-35040B16BAF7}.Release|Any CPU.Build.0 = Release|Any CPU
		{C8E6717F-491C-47E3-AFBF-810DB253B558}.Debug|Any CPU.ActiveCfg = Debug|Any CPU
		{C8E6717F-491C-47E3-AFBF-810DB253B558}.Debug|Any CPU.Build.0 = Debug|Any CPU
		{C8E6717F-491C-47E3-AFBF-810DB253B558}.Release|Any CPU.ActiveCfg = Release|Any CPU
		{C8E6717F-491C-47E3-AFBF-810DB253B558}.Release|Any CPU.Build.0 = Release|Any CPU
		{809789D4-BC17-4F9E-A2A9-D0F1DAD67B86}.Debug|Any CPU.ActiveCfg = Debug|Any CPU
		{809789D4-BC17-4F9E-A2A9-D0F1DAD67B86}.Debug|Any CPU.Build.0 = Debug|Any CPU
		{809789D4-BC17-4F9E-A2A9-D0F1DAD67B86}.Release|Any CPU.ActiveCfg = Release|Any CPU
		{809789D4-BC17-4F9E-A2A9-D0F1DAD67B86}.Release|Any CPU.Build.0 = Release|Any CPU
		{789F0C5A-B28D-4638-BC7F-346597459B60}.Debug|Any CPU.ActiveCfg = Debug|Any CPU
		{789F0C5A-B28D-4638-BC7F-346597459B60}.Debug|Any CPU.Build.0 = Debug|Any CPU
		{789F0C5A-B28D-4638-BC7F-346597459B60}.Release|Any CPU.ActiveCfg = Release|Any CPU
		{789F0C5A-B28D-4638-BC7F-346597459B60}.Release|Any CPU.Build.0 = Release|Any CPU
	EndGlobalSection
	GlobalSection(SolutionProperties) = preSolution
		HideSolutionNode = FALSE
	EndGlobalSection
	GlobalSection(ExtensibilityGlobals) = postSolution
		SolutionGuid = {0A28D0E8-AC2C-4EC8-BA5D-E97A9A2AFB14}
	EndGlobalSection
EndGlobal
